
Microsoft Visual Studio Solution File, Format Version 12.00
# Visual Studio Version 16
VisualStudioVersion = 16.0.31424.327
MinimumVisualStudioVersion = 10.0.40219.1
Project("{2150E333-8FDC-42A3-9474-1A3956D46DE8}") = "src", "src", "{5FCB3DAE-043D-49A4-8EAB-432CD0FFDE2C}"
EndProject
Project("{2150E333-8FDC-42A3-9474-1A3956D46DE8}") = "test", "test", "{557ED5C9-6416-453E-A330-6FA057F4BEA5}"
EndProject
Project("{FAE04EC0-301F-11D3-BF4B-00C04F79EFBC}") = "GradeBook", "GradeBook\GradeBook.csproj", "{C9891762-E12F-4B05-B766-896A348B2EFE}"
EndProject
Project("{FAE04EC0-301F-11D3-BF4B-00C04F79EFBC}") = "GradeBook.Test", "GradeBook.Test\GradeBook.Test.csproj", "{0DAA4FCE-3B02-4DDC-9640-8E7AC10812C8}"
EndProject
Global
	GlobalSection(SolutionConfigurationPlatforms) = preSolution
		Debug|Any CPU = Debug|Any CPU
		Release|Any CPU = Release|Any CPU
	EndGlobalSection
	GlobalSection(ProjectConfigurationPlatforms) = postSolution
		{C9891762-E12F-4B05-B766-896A348B2EFE}.Debug|Any CPU.ActiveCfg = Debug|Any CPU
		{C9891762-E12F-4B05-B766-896A348B2EFE}.Debug|Any CPU.Build.0 = Debug|Any CPU
		{C9891762-E12F-4B05-B766-896A348B2EFE}.Release|Any CPU.ActiveCfg = Release|Any CPU
		{C9891762-E12F-4B05-B766-896A348B2EFE}.Release|Any CPU.Build.0 = Release|Any CPU
		{0DAA4FCE-3B02-4DDC-9640-8E7AC10812C8}.Debug|Any CPU.ActiveCfg = Debug|Any CPU
		{0DAA4FCE-3B02-4DDC-9640-8E7AC10812C8}.Debug|Any CPU.Build.0 = Debug|Any CPU
		{0DAA4FCE-3B02-4DDC-9640-8E7AC10812C8}.Release|Any CPU.ActiveCfg = Release|Any CPU
		{0DAA4FCE-3B02-4DDC-9640-8E7AC10812C8}.Release|Any CPU.Build.0 = Release|Any CPU
	EndGlobalSection
	GlobalSection(SolutionProperties) = preSolution
		HideSolutionNode = FALSE
	EndGlobalSection
	GlobalSection(NestedProjects) = preSolution
		{C9891762-E12F-4B05-B766-896A348B2EFE} = {5FCB3DAE-043D-49A4-8EAB-432CD0FFDE2C}
		{0DAA4FCE-3B02-4DDC-9640-8E7AC10812C8} = {557ED5C9-6416-453E-A330-6FA057F4BEA5}
	EndGlobalSection
	GlobalSection(ExtensibilityGlobals) = postSolution
		SolutionGuid = {F88A3F12-65BA-4AB8-841A-C904098A0A03}
	EndGlobalSection
EndGlobal
